<?xml version="1.0" encoding="utf-8"?>
<Project ToolsVersion="4.0" xmlns="http://schemas.microsoft.com/developer/msbuild/2003">
  <ItemGroup>
    <Filter Include="Source Files">
      <UniqueIdentifier>{4FC737F1-C7A5-4376-A066-2A32D752A2FF}</UniqueIdentifier>
      <Extensions>cpp;c;cc;cxx;def;odl;idl;hpj;bat;asm;asmx</Extensions>
    </Filter>
    <Filter Include="Header Files">
      <UniqueIdentifier>{93995380-89BD-4b04-88EB-625FBE52EBFB}</UniqueIdentifier>
      <Extensions>h;hh;hpp;hxx;hm;inl;inc;xsd</Extensions>
    </Filter>
    <Filter Include="Resource Files">
      <UniqueIdentifier>{67DA6AB6-F800-4c08-8B7A-83BB121AAD01}</UniqueIdentifier>
      <Extensions>rc;ico;cur;bmp;dlg;rc2;rct;bin;rgs;gif;jpg;jpeg;jpe;resx;tiff;tif;png;wav;mfcribbon-ms</Extensions>
    </Filter>
    <Filter Include="Source Files\Abilities">
      <UniqueIdentifier>{69ad91f7-8db8-44dc-bbb0-f2317e73ade0}</UniqueIdentifier>
    </Filter>
    <Filter Include="Header Files\Abilities">
      <UniqueIdentifier>{bbdd92e2-6cc3-42fd-8d50-b5f29e1a01e7}</UniqueIdentifier>
    </Filter>
    <Filter Include="Header Files\States">
      <UniqueIdentifier>{4d186efb-f335-4694-a25f-2d0d6977779e}</UniqueIdentifier>
    </Filter>
    <Filter Include="Source Files\States">
      <UniqueIdentifier>{d441877d-b840-4b95-a8d1-e4688d40c099}</UniqueIdentifier>
    </Filter>
    <Filter Include="Source Files\Items">
      <UniqueIdentifier>{843c7d2a-a04a-4cfe-b824-113bee773394}</UniqueIdentifier>
    </Filter>
    <Filter Include="Header Files\Items">
      <UniqueIdentifier>{2299c0a1-c860-4dc7-b101-e085fe65369b}</UniqueIdentifier>
    </Filter>
    <Filter Include="Header Files\Core">
      <UniqueIdentifier>{06e044f1-2ca1-45eb-b7a4-03ed7feb31b9}</UniqueIdentifier>
    </Filter>
    <Filter Include="Header Files\Gameplay">
      <UniqueIdentifier>{598366bd-6eb6-4a4a-aed5-b316f5266eb9}</UniqueIdentifier>
    </Filter>
    <Filter Include="Header Files\Actors">
      <UniqueIdentifier>{b0033bf7-e448-476c-ab91-89423f4b615c}</UniqueIdentifier>
    </Filter>
    <Filter Include="Header Files\Data">
      <UniqueIdentifier>{88161e2e-bf9d-46c5-8379-b3bbdb43a168}</UniqueIdentifier>
    </Filter>
    <Filter Include="Source Files\Actors">
      <UniqueIdentifier>{6e125175-8a0e-4898-8283-fb75407afb15}</UniqueIdentifier>
    </Filter>
    <Filter Include="Source Files\Core">
      <UniqueIdentifier>{40b78c91-6b71-4e84-915f-fafef0d7739b}</UniqueIdentifier>
    </Filter>
    <Filter Include="Source Files\Gameplay">
      <UniqueIdentifier>{c3240c84-23dc-40bc-a932-68d656fef9cd}</UniqueIdentifier>
    </Filter>
  </ItemGroup>
  <ItemGroup>
    <ClCompile Include="AutoAtack.cpp">
      <Filter>Source Files\Abilities</Filter>
    </ClCompile>
    <ClCompile Include="TitleMenuState.cpp">
      <Filter>Source Files\States</Filter>
    </ClCompile>
    <ClCompile Include="StateManager.cpp">
      <Filter>Source Files\States</Filter>
    </ClCompile>
    <ClCompile Include="Weapon.cpp">
      <Filter>Source Files\Items</Filter>
    </ClCompile>
    <ClCompile Include="Armor.cpp">
      <Filter>Source Files\Items</Filter>
    </ClCompile>
    <ClCompile Include="Ability.cpp">
      <Filter>Source Files\Abilities</Filter>
    </ClCompile>
    <ClCompile Include="Actor.cpp">
      <Filter>Source Files\Actors</Filter>
    </ClCompile>
    <ClCompile Include="Attribute.cpp">
      <Filter>Source Files\Gameplay</Filter>
    </ClCompile>
    <ClCompile Include="DamageAbility.cpp">
      <Filter>Source Files\Abilities</Filter>
    </ClCompile>
    <ClCompile Include="Game.cpp">
      <Filter>Source Files\Core</Filter>
    </ClCompile>
    <ClCompile Include="GameManager.cpp">
      <Filter>Source Files\Core</Filter>
    </ClCompile>
    <ClCompile Include="GameState.cpp">
      <Filter>Source Files\States</Filter>
    </ClCompile>
    <ClCompile Include="Globals.cpp">
      <Filter>Source Files\Core</Filter>
    </ClCompile>
    <ClCompile Include="InputBox.cpp">
      <Filter>Source Files\Core</Filter>
    </ClCompile>
    <ClCompile Include="Inventory.cpp">
      <Filter>Source Files\Gameplay</Filter>
    </ClCompile>
    <ClCompile Include="Item.cpp">
      <Filter>Source Files\Items</Filter>
    </ClCompile>
    <ClCompile Include="main.cpp">
      <Filter>Source Files</Filter>
    </ClCompile>
    <ClCompile Include="Player.cpp">
      <Filter>Source Files\Actors</Filter>
    </ClCompile>
    <ClCompile Include="State.cpp">
      <Filter>Source Files\States</Filter>
    </ClCompile>
    <ClCompile Include="BattleState.cpp">
      <Filter>Source Files\States</Filter>
    </ClCompile>
    <ClCompile Include="BattleManager.cpp">
      <Filter>Source Files\Core</Filter>
    </ClCompile>
    <ClCompile Include="UtilityAbility.cpp">
      <Filter>Source Files\Abilities</Filter>
    </ClCompile>
    <ClCompile Include="StunAbility.cpp">
      <Filter>Source Files\Abilities</Filter>
    </ClCompile>
  </ItemGroup>
  <ItemGroup>
    <ClInclude Include="AutoAtack.h">
      <Filter>Header Files\Abilities</Filter>
    </ClInclude>
    <ClInclude Include="TitleMenuState.h">
      <Filter>Header Files\States</Filter>
    </ClInclude>
    <ClInclude Include="GameState.h">
      <Filter>Header Files\States</Filter>
    </ClInclude>
    <ClInclude Include="Armor.h">
      <Filter>Header Files\Items</Filter>
    </ClInclude>
    <ClInclude Include="Weapon.h">
      <Filter>Header Files\Items</Filter>
    </ClInclude>
    <ClInclude Include="Game.h">
      <Filter>Header Files\Core</Filter>
    </ClInclude>
    <ClInclude Include="GameManager.h">
      <Filter>Header Files\Core</Filter>
    </ClInclude>
    <ClInclude Include="Globals.h">
      <Filter>Header Files\Core</Filter>
    </ClInclude>
    <ClInclude Include="DamageAbility.h">
      <Filter>Header Files\Abilities</Filter>
    </ClInclude>
    <ClInclude Include="Ability.h">
      <Filter>Header Files\Abilities</Filter>
    </ClInclude>
    <ClInclude Include="Item.h">
      <Filter>Header Files\Items</Filter>
    </ClInclude>
    <ClInclude Include="StateManager.h">
      <Filter>Header Files\Core</Filter>
    </ClInclude>
    <ClInclude Include="InputBox.h">
      <Filter>Header Files\Core</Filter>
    </ClInclude>
    <ClInclude Include="Inventory.h">
      <Filter>Header Files\Gameplay</Filter>
    </ClInclude>
    <ClInclude Include="Attribute.h">
      <Filter>Header Files\Gameplay</Filter>
    </ClInclude>
    <ClInclude Include="Actor.h">
      <Filter>Header Files\Actors</Filter>
    </ClInclude>
    <ClInclude Include="Player.h">
      <Filter>Header Files\Actors</Filter>
    </ClInclude>
    <ClInclude Include="State.h">
      <Filter>Header Files\States</Filter>
    </ClInclude>
    <ClInclude Include="LinkedList.h">
      <Filter>Header Files\Data</Filter>
    </ClInclude>
    <ClInclude Include="BattleState.h">
      <Filter>Header Files\States</Filter>
    </ClInclude>
    <ClInclude Include="UtilityAbility.h">
      <Filter>Header Files\Abilities</Filter>
    </ClInclude>
    <ClInclude Include="BattleManager.h">
      <Filter>Header Files\Core</Filter>
    </ClInclude>
    <ClInclude Include="StunAbility.h">
      <Filter>Header Files\Abilities</Filter>
    </ClInclude>
  </ItemGroup>
  <ItemGroup>
    <Font Include="Munro.ttf">
      <Filter>Resource Files</Filter>
    </Font>
  </ItemGroup>
  <ItemGroup>
    <None Include="ClassDiagram.cd" />
  </ItemGroup>
</Project>